
Microsoft Visual Studio Solution File, Format Version 12.00
# Visual Studio Version 17
VisualStudioVersion = 17.7.34221.43
MinimumVisualStudioVersion = 10.0.40219.1
Project("{FAE04EC0-301F-11D3-BF4B-00C04F79EFBC}") = "FunctionApp1", "FunctionApp1\FunctionApp1.csproj", "{6B8DFA7C-E7DE-41CF-ABE3-9C1E8C2F137A}"
EndProject
Global
	GlobalSection(SolutionConfigurationPlatforms) = preSolution
		Debug|Any CPU = Debug|Any CPU
		Release|Any CPU = Release|Any CPU
	EndGlobalSection
	GlobalSection(ProjectConfigurationPlatforms) = postSolution
		{6B8DFA7C-E7DE-41CF-ABE3-9C1E8C2F137A}.Debug|Any CPU.ActiveCfg = Debug|Any CPU
		{6B8DFA7C-E7DE-41CF-ABE3-9C1E8C2F137A}.Debug|Any CPU.Build.0 = Debug|Any CPU
		{6B8DFA7C-E7DE-41CF-ABE3-9C1E8C2F137A}.Release|Any CPU.ActiveCfg = Release|Any CPU
		{6B8DFA7C-E7DE-41CF-ABE3-9C1E8C2F137A}.Release|Any CPU.Build.0 = Release|Any CPU
	EndGlobalSection
	GlobalSection(SolutionProperties) = preSolution
		HideSolutionNode = FALSE
	EndGlobalSection
	GlobalSection(ExtensibilityGlobals) = postSolution
		SolutionGuid = {882A506D-4DA7-4D9F-95DD-D722E249E970}
	EndGlobalSection
EndGlobal
